// !$*UTF8*$!
{
	archiveVersion = 1;
	classes = {
	};
	objectVersion = 50;
	objects = {

/* Begin PBXBuildFile section */
		2944A92929B22C49007429F9 /* GameHW2App.swift in Sources */ = {isa = PBXBuildFile; fileRef = 2944A92829B22C49007429F9 /* GameHW2App.swift */; };
		2944A92B29B22C49007429F9 /* ContentView.swift in Sources */ = {isa = PBXBuildFile; fileRef = 2944A92A29B22C49007429F9 /* ContentView.swift */; };
		2944A92D29B22C4B007429F9 /* Assets.xcassets in Resources */ = {isa = PBXBuildFile; fileRef = 2944A92C29B22C4B007429F9 /* Assets.xcassets */; };
		2944A93029B22C4B007429F9 /* Preview Assets.xcassets in Resources */ = {isa = PBXBuildFile; fileRef = 2944A92F29B22C4B007429F9 /* Preview Assets.xcassets */; };
		2944A93B29B22C4B007429F9 /* GameHW2Tests.swift in Sources */ = {isa = PBXBuildFile; fileRef = 2944A93A29B22C4B007429F9 /* GameHW2Tests.swift */; };
		2944A94629B22C4B007429F9 /* GameHW2UITests.swift in Sources */ = {isa = PBXBuildFile; fileRef = 2944A94529B22C4B007429F9 /* GameHW2UITests.swift */; };
		2944A95829B25E45007429F9 /* GameModel.swift in Sources */ = {isa = PBXBuildFile; fileRef = 2944A95729B25E45007429F9 /* GameModel.swift */; };
		2944A95D29B25E54007429F9 /* GameModelView.swift in Sources */ = {isa = PBXBuildFile; fileRef = 2944A95C29B25E54007429F9 /* GameModelView.swift */; };
/* End PBXBuildFile section */

/* Begin PBXContainerItemProxy section */
		2944A93729B22C4B007429F9 /* PBXContainerItemProxy */ = {
			isa = PBXContainerItemProxy;
			containerPortal = 2944A91D29B22C49007429F9 /* Project object */;
			proxyType = 1;
			remoteGlobalIDString = 2944A92429B22C49007429F9;
			remoteInfo = GameHW2;
		};
		2944A94229B22C4B007429F9 /* PBXContainerItemProxy */ = {
			isa = PBXContainerItemProxy;
			containerPortal = 2944A91D29B22C49007429F9 /* Project object */;
			proxyType = 1;
			remoteGlobalIDString = 2944A92429B22C49007429F9;
			remoteInfo = GameHW2;
		};
/* End PBXContainerItemProxy section */

/* Begin PBXFileReference section */
		2944A92529B22C49007429F9 /* GameHW2.app */ = {isa = PBXFileReference; explicitFileType = wrapper.application; includeInIndex = 0; path = GameHW2.app; sourceTree = BUILT_PRODUCTS_DIR; };
		2944A92829B22C49007429F9 /* GameHW2App.swift */ = {isa = PBXFileReference; lastKnownFileType = sourcecode.swift; path = GameHW2App.swift; sourceTree = "<group>"; };
		2944A92A29B22C49007429F9 /* ContentView.swift */ = {isa = PBXFileReference; lastKnownFileType = sourcecode.swift; path = ContentView.swift; sourceTree = "<group>"; };
		2944A92C29B22C4B007429F9 /* Assets.xcassets */ = {isa = PBXFileReference; lastKnownFileType = folder.assetcatalog; path = Assets.xcassets; sourceTree = "<group>"; };
		2944A92F29B22C4B007429F9 /* Preview Assets.xcassets */ = {isa = PBXFileReference; lastKnownFileType = folder.assetcatalog; path = "Preview Assets.xcassets"; sourceTree = "<group>"; };
		2944A93129B22C4B007429F9 /* Info.plist */ = {isa = PBXFileReference; lastKnownFileType = text.plist.xml; path = Info.plist; sourceTree = "<group>"; };
		2944A93629B22C4B007429F9 /* GameHW2Tests.xctest */ = {isa = PBXFileReference; explicitFileType = wrapper.cfbundle; includeInIndex = 0; path = GameHW2Tests.xctest; sourceTree = BUILT_PRODUCTS_DIR; };
		2944A93A29B22C4B007429F9 /* GameHW2Tests.swift */ = {isa = PBXFileReference; lastKnownFileType = sourcecode.swift; path = GameHW2Tests.swift; sourceTree = "<group>"; };
		2944A93C29B22C4B007429F9 /* Info.plist */ = {isa = PBXFileReference; lastKnownFileType = text.plist.xml; path = Info.plist; sourceTree = "<group>"; };
		2944A94129B22C4B007429F9 /* GameHW2UITests.xctest */ = {isa = PBXFileReference; explicitFileType = wrapper.cfbundle; includeInIndex = 0; path = GameHW2UITests.xctest; sourceTree = BUILT_PRODUCTS_DIR; };
		2944A94529B22C4B007429F9 /* GameHW2UITests.swift */ = {isa = PBXFileReference; lastKnownFileType = sourcecode.swift; path = GameHW2UITests.swift; sourceTree = "<group>"; };
		2944A94729B22C4B007429F9 /* Info.plist */ = {isa = PBXFileReference; lastKnownFileType = text.plist.xml; path = Info.plist; sourceTree = "<group>"; };
		2944A95729B25E45007429F9 /* GameModel.swift */ = {isa = PBXFileReference; lastKnownFileType = sourcecode.swift; path = GameModel.swift; sourceTree = "<group>"; };
		2944A95C29B25E54007429F9 /* GameModelView.swift */ = {isa = PBXFileReference; lastKnownFileType = sourcecode.swift; path = GameModelView.swift; sourceTree = "<group>"; };
/* End PBXFileReference section */

/* Begin PBXFrameworksBuildPhase section */
		2944A92229B22C49007429F9 /* Frameworks */ = {
			isa = PBXFrameworksBuildPhase;
			buildActionMask = 2147483647;
			files = (
			);
			runOnlyForDeploymentPostprocessing = 0;
		};
		2944A93329B22C4B007429F9 /* Frameworks */ = {
			isa = PBXFrameworksBuildPhase;
			buildActionMask = 2147483647;
			files = (
			);
			runOnlyForDeploymentPostprocessing = 0;
		};
		2944A93E29B22C4B007429F9 /* Frameworks */ = {
			isa = PBXFrameworksBuildPhase;
			buildActionMask = 2147483647;
			files = (
			);
			runOnlyForDeploymentPostprocessing = 0;
		};
/* End PBXFrameworksBuildPhase section */

/* Begin PBXGroup section */
		2944A91C29B22C49007429F9 = {
			isa = PBXGroup;
			children = (
				2944A92729B22C49007429F9 /* GameHW2 */,
				2944A93929B22C4B007429F9 /* GameHW2Tests */,
				2944A94429B22C4B007429F9 /* GameHW2UITests */,
				2944A92629B22C49007429F9 /* Products */,
			);
			sourceTree = "<group>";
		};
		2944A92629B22C49007429F9 /* Products */ = {
			isa = PBXGroup;
			children = (
				2944A92529B22C49007429F9 /* GameHW2.app */,
				2944A93629B22C4B007429F9 /* GameHW2Tests.xctest */,
				2944A94129B22C4B007429F9 /* GameHW2UITests.xctest */,
			);
			name = Products;
			sourceTree = "<group>";
		};
		2944A92729B22C49007429F9 /* GameHW2 */ = {
			isa = PBXGroup;
			children = (
				2944A92829B22C49007429F9 /* GameHW2App.swift */,
				2944A92A29B22C49007429F9 /* ContentView.swift */,
				2944A92C29B22C4B007429F9 /* Assets.xcassets */,
				2944A93129B22C4B007429F9 /* Info.plist */,
				2944A92E29B22C4B007429F9 /* Preview Content */,
				2944A95729B25E45007429F9 /* GameModel.swift */,
				2944A95C29B25E54007429F9 /* GameModelView.swift */,
			);
			path = GameHW2;
			sourceTree = "<group>";
		};
		2944A92E29B22C4B007429F9 /* Preview Content */ = {
			isa = PBXGroup;
			children = (
				2944A92F29B22C4B007429F9 /* Preview Assets.xcassets */,
			);
			path = "Preview Content";
			sourceTree = "<group>";
		};
		2944A93929B22C4B007429F9 /* GameHW2Tests */ = {
			isa = PBXGroup;
			children = (
				2944A93A29B22C4B007429F9 /* GameHW2Tests.swift */,
				2944A93C29B22C4B007429F9 /* Info.plist */,
			);
			path = GameHW2Tests;
			sourceTree = "<group>";
		};
		2944A94429B22C4B007429F9 /* GameHW2UITests */ = {
			isa = PBXGroup;
			children = (
				2944A94529B22C4B007429F9 /* GameHW2UITests.swift */,
				2944A94729B22C4B007429F9 /* Info.plist */,
			);
			path = GameHW2UITests;
			sourceTree = "<group>";
		};
/* End PBXGroup section */

/* Begin PBXNativeTarget section */
		2944A92429B22C49007429F9 /* GameHW2 */ = {
			isa = PBXNativeTarget;
			buildConfigurationList = 2944A94A29B22C4B007429F9 /* Build configuration list for PBXNativeTarget "GameHW2" */;
			buildPhases = (
				2944A92129B22C49007429F9 /* Sources */,
				2944A92229B22C49007429F9 /* Frameworks */,
				2944A92329B22C49007429F9 /* Resources */,
			);
			buildRules = (
			);
			dependencies = (
			);
			name = GameHW2;
			productName = GameHW2;
			productReference = 2944A92529B22C49007429F9 /* GameHW2.app */;
			productType = "com.apple.product-type.application";
		};
		2944A93529B22C4B007429F9 /* GameHW2Tests */ = {
			isa = PBXNativeTarget;
			buildConfigurationList = 2944A94D29B22C4B007429F9 /* Build configuration list for PBXNativeTarget "GameHW2Tests" */;
			buildPhases = (
				2944A93229B22C4B007429F9 /* Sources */,
				2944A93329B22C4B007429F9 /* Frameworks */,
				2944A93429B22C4B007429F9 /* Resources */,
			);
			buildRules = (
			);
			dependencies = (
				2944A93829B22C4B007429F9 /* PBXTargetDependency */,
			);
			name = GameHW2Tests;
			productName = GameHW2Tests;
			productReference = 2944A93629B22C4B007429F9 /* GameHW2Tests.xctest */;
			productType = "com.apple.product-type.bundle.unit-test";
		};
		2944A94029B22C4B007429F9 /* GameHW2UITests */ = {
			isa = PBXNativeTarget;
			buildConfigurationList = 2944A95029B22C4B007429F9 /* Build configuration list for PBXNativeTarget "GameHW2UITests" */;
			buildPhases = (
				2944A93D29B22C4B007429F9 /* Sources */,
				2944A93E29B22C4B007429F9 /* Frameworks */,
				2944A93F29B22C4B007429F9 /* Resources */,
			);
			buildRules = (
			);
			dependencies = (
				2944A94329B22C4B007429F9 /* PBXTargetDependency */,
			);
			name = GameHW2UITests;
			productName = GameHW2UITests;
			productReference = 2944A94129B22C4B007429F9 /* GameHW2UITests.xctest */;
			productType = "com.apple.product-type.bundle.ui-testing";
		};
/* End PBXNativeTarget section */

/* Begin PBXProject section */
		2944A91D29B22C49007429F9 /* Project object */ = {
			isa = PBXProject;
			attributes = {
				LastSwiftUpdateCheck = 1240;
				LastUpgradeCheck = 1240;
				TargetAttributes = {
					2944A92429B22C49007429F9 = {
						CreatedOnToolsVersion = 12.4;
					};
					2944A93529B22C4B007429F9 = {
						CreatedOnToolsVersion = 12.4;
						TestTargetID = 2944A92429B22C49007429F9;
					};
					2944A94029B22C4B007429F9 = {
						CreatedOnToolsVersion = 12.4;
						TestTargetID = 2944A92429B22C49007429F9;
					};
				};
			};
			buildConfigurationList = 2944A92029B22C49007429F9 /* Build configuration list for PBXProject "GameHW2" */;
			compatibilityVersion = "Xcode 9.3";
			developmentRegion = en;
			hasScannedForEncodings = 0;
			knownRegions = (
				en,
				Base,
			);
			mainGroup = 2944A91C29B22C49007429F9;
			productRefGroup = 2944A92629B22C49007429F9 /* Products */;
			projectDirPath = "";
			projectRoot = "";
			targets = (
				2944A92429B22C49007429F9 /* GameHW2 */,
				2944A93529B22C4B007429F9 /* GameHW2Tests */,
				2944A94029B22C4B007429F9 /* GameHW2UITests */,
			);
		};
/* End PBXProject section */

/* Begin PBXResourcesBuildPhase section */
		2944A92329B22C49007429F9 /* Resources */ = {
			isa = PBXResourcesBuildPhase;
			buildActionMask = 2147483647;
			files = (
				2944A93029B22C4B007429F9 /* Preview Assets.xcassets in Resources */,
				2944A92D29B22C4B007429F9 /* Assets.xcassets in Resources */,
			);
			runOnlyForDeploymentPostprocessing = 0;
		};
		2944A93429B22C4B007429F9 /* Resources */ = {
			isa = PBXResourcesBuildPhase;
			buildActionMask = 2147483647;
			files = (
			);
			runOnlyForDeploymentPostprocessing = 0;
		};
		2944A93F29B22C4B007429F9 /* Resources */ = {
			isa = PBXResourcesBuildPhase;
			buildActionMask = 2147483647;
			files = (
			);
			runOnlyForDeploymentPostprocessing = 0;
		};
/* End PBXResourcesBuildPhase section */

/* Begin PBXSourcesBuildPhase section */
		2944A92129B22C49007429F9 /* Sources */ = {
			isa = PBXSourcesBuildPhase;
			buildActionMask = 2147483647;
			files = (
				2944A95D29B25E54007429F9 /* GameModelView.swift in Sources */,
				2944A92B29B22C49007429F9 /* ContentView.swift in Sources */,
				2944A92929B22C49007429F9 /* GameHW2App.swift in Sources */,
				2944A95829B25E45007429F9 /* GameModel.swift in Sources */,
			);
			runOnlyForDeploymentPostprocessing = 0;
		};
		2944A93229B22C4B007429F9 /* Sources */ = {
			isa = PBXSourcesBuildPhase;
			buildActionMask = 2147483647;
			files = (
				2944A93B29B22C4B007429F9 /* GameHW2Tests.swift in Sources */,
			);
			runOnlyForDeploymentPostprocessing = 0;
		};
		2944A93D29B22C4B007429F9 /* Sources */ = {
			isa = PBXSourcesBuildPhase;
			buildActionMask = 2147483647;
			files = (
				2944A94629B22C4B007429F9 /* GameHW2UITests.swift in Sources */,
			);
			runOnlyForDeploymentPostprocessing = 0;
		};
/* End PBXSourcesBuildPhase section */

/* Begin PBXTargetDependency section */
		2944A93829B22C4B007429F9 /* PBXTargetDependency */ = {
			isa = PBXTargetDependency;
			target = 2944A92429B22C49007429F9 /* GameHW2 */;
			targetProxy = 2944A93729B22C4B007429F9 /* PBXContainerItemProxy */;
		};
		2944A94329B22C4B007429F9 /* PBXTargetDependency */ = {
			isa = PBXTargetDependency;
			target = 2944A92429B22C49007429F9 /* GameHW2 */;
			targetProxy = 2944A94229B22C4B007429F9 /* PBXContainerItemProxy */;
		};
/* End PBXTargetDependency section */

/* Begin XCBuildConfiguration section */
		2944A94829B22C4B007429F9 /* Debug */ = {
			isa = XCBuildConfiguration;
			buildSettings = {
				ALWAYS_SEARCH_USER_PATHS = NO;
				CLANG_ANALYZER_NONNULL = YES;
				CLANG_ANALYZER_NUMBER_OBJECT_CONVERSION = YES_AGGRESSIVE;
				CLANG_CXX_LANGUAGE_STANDARD = "gnu++14";
				CLANG_CXX_LIBRARY = "libc++";
				CLANG_ENABLE_MODULES = YES;
				CLANG_ENABLE_OBJC_ARC = YES;
				CLANG_ENABLE_OBJC_WEAK = YES;
				CLANG_WARN_BLOCK_CAPTURE_AUTORELEASING = YES;
				CLANG_WARN_BOOL_CONVERSION = YES;
				CLANG_WARN_COMMA = YES;
				CLANG_WARN_CONSTANT_CONVERSION = YES;
				CLANG_WARN_DEPRECATED_OBJC_IMPLEMENTATIONS = YES;
				CLANG_WARN_DIRECT_OBJC_ISA_USAGE = YES_ERROR;
				CLANG_WARN_DOCUMENTATION_COMMENTS = YES;
				CLANG_WARN_EMPTY_BODY = YES;
				CLANG_WARN_ENUM_CONVERSION = YES;
				CLANG_WARN_INFINITE_RECURSION = YES;
				CLANG_WARN_INT_CONVERSION = YES;
				CLANG_WARN_NON_LITERAL_NULL_CONVERSION = YES;
				CLANG_WARN_OBJC_IMPLICIT_RETAIN_SELF = YES;
				CLANG_WARN_OBJC_LITERAL_CONVERSION = YES;
				CLANG_WARN_OBJC_ROOT_CLASS = YES_ERROR;
				CLANG_WARN_QUOTED_INCLUDE_IN_FRAMEWORK_HEADER = YES;
				CLANG_WARN_RANGE_LOOP_ANALYSIS = YES;
				CLANG_WARN_STRICT_PROTOTYPES = YES;
				CLANG_WARN_SUSPICIOUS_MOVE = YES;
				CLANG_WARN_UNGUARDED_AVAILABILITY = YES_AGGRESSIVE;
				CLANG_WARN_UNREACHABLE_CODE = YES;
				CLANG_WARN__DUPLICATE_METHOD_MATCH = YES;
				COPY_PHASE_STRIP = NO;
				DEBUG_INFORMATION_FORMAT = dwarf;
				ENABLE_STRICT_OBJC_MSGSEND = YES;
				ENABLE_TESTABILITY = YES;
				GCC_C_LANGUAGE_STANDARD = gnu11;
				GCC_DYNAMIC_NO_PIC = NO;
				GCC_NO_COMMON_BLOCKS = YES;
				GCC_OPTIMIZATION_LEVEL = 0;
				GCC_PREPROCESSOR_DEFINITIONS = (
					"DEBUG=1",
					"$(inherited)",
				);
				GCC_WARN_64_TO_32_BIT_CONVERSION = YES;
				GCC_WARN_ABOUT_RETURN_TYPE = YES_ERROR;
				GCC_WARN_UNDECLARED_SELECTOR = YES;
				GCC_WARN_UNINITIALIZED_AUTOS = YES_AGGRESSIVE;
				GCC_WARN_UNUSED_FUNCTION = YES;
				GCC_WARN_UNUSED_VARIABLE = YES;
				IPHONEOS_DEPLOYMENT_TARGET = 14.4;
				MTL_ENABLE_DEBUG_INFO = INCLUDE_SOURCE;
				MTL_FAST_MATH = YES;
				ONLY_ACTIVE_ARCH = YES;
				SDKROOT = iphoneos;
				SWIFT_ACTIVE_COMPILATION_CONDITIONS = DEBUG;
				SWIFT_OPTIMIZATION_LEVEL = "-Onone";
			};
			name = Debug;
		};
		2944A94929B22C4B007429F9 /* Release */ = {
			isa = XCBuildConfiguration;
			buildSettings = {
				ALWAYS_SEARCH_USER_PATHS = NO;
				CLANG_ANALYZER_NONNULL = YES;
				CLANG_ANALYZER_NUMBER_OBJECT_CONVERSION = YES_AGGRESSIVE;
				CLANG_CXX_LANGUAGE_STANDARD = "gnu++14";
				CLANG_CXX_LIBRARY = "libc++";
				CLANG_ENABLE_MODULES = YES;
				CLANG_ENABLE_OBJC_ARC = YES;
				CLANG_ENABLE_OBJC_WEAK = YES;
				CLANG_WARN_BLOCK_CAPTURE_AUTORELEASING = YES;
				CLANG_WARN_BOOL_CONVERSION = YES;
				CLANG_WARN_COMMA = YES;
				CLANG_WARN_CONSTANT_CONVERSION = YES;
				CLANG_WARN_DEPRECATED_OBJC_IMPLEMENTATIONS = YES;
				CLANG_WARN_DIRECT_OBJC_ISA_USAGE = YES_ERROR;
				CLANG_WARN_DOCUMENTATION_COMMENTS = YES;
				CLANG_WARN_EMPTY_BODY = YES;
				CLANG_WARN_ENUM_CONVERSION = YES;
				CLANG_WARN_INFINITE_RECURSION = YES;
				CLANG_WARN_INT_CONVERSION = YES;
				CLANG_WARN_NON_LITERAL_NULL_CONVERSION = YES;
				CLANG_WARN_OBJC_IMPLICIT_RETAIN_SELF = YES;
				CLANG_WARN_OBJC_LITERAL_CONVERSION = YES;
				CLANG_WARN_OBJC_ROOT_CLASS = YES_ERROR;
				CLANG_WARN_QUOTED_INCLUDE_IN_FRAMEWORK_HEADER = YES;
				CLANG_WARN_RANGE_LOOP_ANALYSIS = YES;
				CLANG_WARN_STRICT_PROTOTYPES = YES;
				CLANG_WARN_SUSPICIOUS_MOVE = YES;
				CLANG_WARN_UNGUARDED_AVAILABILITY = YES_AGGRESSIVE;
				CLANG_WARN_UNREACHABLE_CODE = YES;
				CLANG_WARN__DUPLICATE_METHOD_MATCH = YES;
				COPY_PHASE_STRIP = NO;
				DEBUG_INFORMATION_FORMAT = "dwarf-with-dsym";
				ENABLE_NS_ASSERTIONS = NO;
				ENABLE_STRICT_OBJC_MSGSEND = YES;
				GCC_C_LANGUAGE_STANDARD = gnu11;
				GCC_NO_COMMON_BLOCKS = YES;
				GCC_WARN_64_TO_32_BIT_CONVERSION = YES;
				GCC_WARN_ABOUT_RETURN_TYPE = YES_ERROR;
				GCC_WARN_UNDECLARED_SELECTOR = YES;
				GCC_WARN_UNINITIALIZED_AUTOS = YES_AGGRESSIVE;
				GCC_WARN_UNUSED_FUNCTION = YES;
				GCC_WARN_UNUSED_VARIABLE = YES;
				IPHONEOS_DEPLOYMENT_TARGET = 14.4;
				MTL_ENABLE_DEBUG_INFO = NO;
				MTL_FAST_MATH = YES;
				SDKROOT = iphoneos;
				SWIFT_COMPILATION_MODE = wholemodule;
				SWIFT_OPTIMIZATION_LEVEL = "-O";
				VALIDATE_PRODUCT = YES;
			};
			name = Release;
		};
		2944A94B29B22C4B007429F9 /* Debug */ = {
			isa = XCBuildConfiguration;
			buildSettings = {
				ASSETCATALOG_COMPILER_APPICON_NAME = AppIcon;
				ASSETCATALOG_COMPILER_GLOBAL_ACCENT_COLOR_NAME = AccentColor;
				CODE_SIGN_STYLE = Automatic;
				DEVELOPMENT_ASSET_PATHS = "\"GameHW2/Preview Content\"";
				DEVELOPMENT_TEAM = 5CR4ADZ79A;
				ENABLE_PREVIEWS = YES;
				INFOPLIST_FILE = GameHW2/Info.plist;
				IPHONEOS_DEPLOYMENT_TARGET = 14.0;
				LD_RUNPATH_SEARCH_PATHS = (
					"$(inherited)",
					"@executable_path/Frameworks",
				);
				PRODUCT_BUNDLE_IDENTIFIER = App.GameHW2;
				PRODUCT_NAME = "$(TARGET_NAME)";
				SWIFT_VERSION = 5.0;
				TARGETED_DEVICE_FAMILY = "1,2";
			};
			name = Debug;
		};
		2944A94C29B22C4B007429F9 /* Release */ = {
			isa = XCBuildConfiguration;
			buildSettings = {
				ASSETCATALOG_COMPILER_APPICON_NAME = AppIcon;
				ASSETCATALOG_COMPILER_GLOBAL_ACCENT_COLOR_NAME = AccentColor;
				CODE_SIGN_STYLE = Automatic;
				DEVELOPMENT_ASSET_PATHS = "\"GameHW2/Preview Content\"";
				DEVELOPMENT_TEAM = 5CR4ADZ79A;
				ENABLE_PREVIEWS = YES;
				INFOPLIST_FILE = GameHW2/Info.plist;
				IPHONEOS_DEPLOYMENT_TARGET = 14.0;
				LD_RUNPATH_SEARCH_PATHS = (
					"$(inherited)",
					"@executable_path/Frameworks",
				);
				PRODUCT_BUNDLE_IDENTIFIER = App.GameHW2;
				PRODUCT_NAME = "$(TARGET_NAME)";
				SWIFT_VERSION = 5.0;
				TARGETED_DEVICE_FAMILY = "1,2";
			};
			name = Release;
		};
		2944A94E29B22C4B007429F9 /* Debug */ = {
			isa = XCBuildConfiguration;
			buildSettings = {
				ALWAYS_EMBED_SWIFT_STANDARD_LIBRARIES = YES;
				BUNDLE_LOADER = "$(TEST_HOST)";
				CODE_SIGN_STYLE = Automatic;
				DEVELOPMENT_TEAM = 5CR4ADZ79A;
				INFOPLIST_FILE = GameHW2Tests/Info.plist;
				IPHONEOS_DEPLOYMENT_TARGET = 14.0;
				LD_RUNPATH_SEARCH_PATHS = (
					"$(inherited)",
					"@executable_path/Frameworks",
					"@loader_path/Frameworks",
				);
				PRODUCT_BUNDLE_IDENTIFIER = App.GameHW2Tests;
				PRODUCT_NAME = "$(TARGET_NAME)";
				SWIFT_VERSION = 5.0;
				TARGETED_DEVICE_FAMILY = "1,2";
				TEST_HOST = "$(BUILT_PRODUCTS_DIR)/GameHW2.app/GameHW2";
			};
			name = Debug;
		};
		2944A94F29B22C4B007429F9 /* Release */ = {
			isa = XCBuildConfiguration;
			buildSettings = {
				ALWAYS_EMBED_SWIFT_STANDARD_LIBRARIES = YES;
				BUNDLE_LOADER = "$(TEST_HOST)";
				CODE_SIGN_STYLE = Automatic;
				DEVELOPMENT_TEAM = 5CR4ADZ79A;
				INFOPLIST_FILE = GameHW2Tests/Info.plist;
				IPHONEOS_DEPLOYMENT_TARGET = 14.0;
				LD_RUNPATH_SEARCH_PATHS = (
					"$(inherited)",
					"@executable_path/Frameworks",
					"@loader_path/Frameworks",
				);
				PRODUCT_BUNDLE_IDENTIFIER = App.GameHW2Tests;
				PRODUCT_NAME = "$(TARGET_NAME)";
				SWIFT_VERSION = 5.0;
				TARGETED_DEVICE_FAMILY = "1,2";
				TEST_HOST = "$(BUILT_PRODUCTS_DIR)/GameHW2.app/GameHW2";
			};
			name = Release;
		};
		2944A95129B22C4B007429F9 /* Debug */ = {
			isa = XCBuildConfiguration;
			buildSettings = {
				ALWAYS_EMBED_SWIFT_STANDARD_LIBRARIES = YES;
				CODE_SIGN_STYLE = Automatic;
				DEVELOPMENT_TEAM = 5CR4ADZ79A;
				INFOPLIST_FILE = GameHW2UITests/Info.plist;
				LD_RUNPATH_SEARCH_PATHS = (
					"$(inherited)",
					"@executable_path/Frameworks",
					"@loader_path/Frameworks",
				);
				PRODUCT_BUNDLE_IDENTIFIER = App.GameHW2UITests;
				PRODUCT_NAME = "$(TARGET_NAME)";
				SWIFT_VERSION = 5.0;
				TARGETED_DEVICE_FAMILY = "1,2";
				TEST_TARGET_NAME = GameHW2;
			};
			name = Debug;
		};
		2944A95229B22C4B007429F9 /* Release */ = {
			isa = XCBuildConfiguration;
			buildSettings = {
				ALWAYS_EMBED_SWIFT_STANDARD_LIBRARIES = YES;
				CODE_SIGN_STYLE = Automatic;
				DEVELOPMENT_TEAM = 5CR4ADZ79A;
				INFOPLIST_FILE = GameHW2UITests/Info.plist;
				LD_RUNPATH_SEARCH_PATHS = (
					"$(inherited)",
					"@executable_path/Frameworks",
					"@loader_path/Frameworks",
				);
				PRODUCT_BUNDLE_IDENTIFIER = App.GameHW2UITests;
				PRODUCT_NAME = "$(TARGET_NAME)";
				SWIFT_VERSION = 5.0;
				TARGETED_DEVICE_FAMILY = "1,2";
				TEST_TARGET_NAME = GameHW2;
			};
			name = Release;
		};
/* End XCBuildConfiguration section */

/* Begin XCConfigurationList section */
		2944A92029B22C49007429F9 /* Build configuration list for PBXProject "GameHW2" */ = {
			isa = XCConfigurationList;
			buildConfigurations = (
				2944A94829B22C4B007429F9 /* Debug */,
				2944A94929B22C4B007429F9 /* Release */,
			);
			defaultConfigurationIsVisible = 0;
			defaultConfigurationName = Release;
		};
		2944A94A29B22C4B007429F9 /* Build configuration list for PBXNativeTarget "GameHW2" */ = {
			isa = XCConfigurationList;
			buildConfigurations = (
				2944A94B29B22C4B007429F9 /* Debug */,
				2944A94C29B22C4B007429F9 /* Release */,
			);
			defaultConfigurationIsVisible = 0;
			defaultConfigurationName = Release;
		};
		2944A94D29B22C4B007429F9 /* Build configuration list for PBXNativeTarget "GameHW2Tests" */ = {
			isa = XCConfigurationList;
			buildConfigurations = (
				2944A94E29B22C4B007429F9 /* Debug */,
				2944A94F29B22C4B007429F9 /* Release */,
			);
			defaultConfigurationIsVisible = 0;
			defaultConfigurationName = Release;
		};
		2944A95029B22C4B007429F9 /* Build configuration list for PBXNativeTarget "GameHW2UITests" */ = {
			isa = XCConfigurationList;
			buildConfigurations = (
				2944A95129B22C4B007429F9 /* Debug */,
				2944A95229B22C4B007429F9 /* Release */,
			);
			defaultConfigurationIsVisible = 0;
			defaultConfigurationName = Release;
		};
/* End XCConfigurationList section */
	};
	rootObject = 2944A91D29B22C49007429F9 /* Project object */;
}
